
Microsoft Visual Studio Solution File, Format Version 12.00
# Visual Studio Version 16
VisualStudioVersion = 16.0.30717.126
MinimumVisualStudioVersion = 10.0.40219.1
Project("{9A19103F-16F7-4668-BE54-9A1E7A4F7556}") = "DEHCATIA", "DEHCATIA\DEHCATIA.csproj", "{8B4DC156-24FE-4808-B56E-26A4F4F1D82B}"
EndProject
Project("{9A19103F-16F7-4668-BE54-9A1E7A4F7556}") = "DEHCATIA.Tests", "DEHCATIA.Tests\DEHCATIA.Tests.csproj", "{F7670037-A859-44FB-8DF6-9EFAB8ED8877}"
EndProject
Project("{2150E333-8FDC-42A3-9474-1A3956D46DE8}") = "Solution Items", "Solution Items", "{A61AA97C-DA9D-4062-8F7C-A6150CF3E38B}"
	ProjectSection(SolutionItems) = preProject
		appveyor.yml = appveyor.yml
		DEHCATIA-tests.nunit = DEHCATIA-tests.nunit
		DEHCATIA.sln.DotSettings = DEHCATIA.sln.DotSettings
		README.md = README.md
	EndProjectSection
EndProject
Global
	GlobalSection(SolutionConfigurationPlatforms) = preSolution
		Debug|Any CPU = Debug|Any CPU
		Release|Any CPU = Release|Any CPU
	EndGlobalSection
	GlobalSection(ProjectConfigurationPlatforms) = postSolution
		{8B4DC156-24FE-4808-B56E-26A4F4F1D82B}.Debug|Any CPU.ActiveCfg = Debug|Any CPU
		{8B4DC156-24FE-4808-B56E-26A4F4F1D82B}.Debug|Any CPU.Build.0 = Debug|Any CPU
		{8B4DC156-24FE-4808-B56E-26A4F4F1D82B}.Release|Any CPU.ActiveCfg = Release|Any CPU
		{8B4DC156-24FE-4808-B56E-26A4F4F1D82B}.Release|Any CPU.Build.0 = Release|Any CPU
		{F7670037-A859-44FB-8DF6-9EFAB8ED8877}.Debug|Any CPU.ActiveCfg = Debug|Any CPU
		{F7670037-A859-44FB-8DF6-9EFAB8ED8877}.Debug|Any CPU.Build.0 = Debug|Any CPU
		{F7670037-A859-44FB-8DF6-9EFAB8ED8877}.Release|Any CPU.ActiveCfg = Release|Any CPU
		{F7670037-A859-44FB-8DF6-9EFAB8ED8877}.Release|Any CPU.Build.0 = Release|Any CPU
	EndGlobalSection
	GlobalSection(SolutionProperties) = preSolution
		HideSolutionNode = FALSE
	EndGlobalSection
	GlobalSection(ExtensibilityGlobals) = postSolution
		SolutionGuid = {8B682ACE-9387-4F78-AC91-F08C4C48D5CD}
	EndGlobalSection
EndGlobal
